
Microsoft Visual Studio Solution File, Format Version 12.00
# Visual Studio Version 16
VisualStudioVersion = 16.0.30621.155
MinimumVisualStudioVersion = 10.0.40219.1
Project("{FAE04EC0-301F-11D3-BF4B-00C04F79EFBC}") = "Vendas", "DarkDemo\Vendas.csproj", "{1758915D-71C9-473A-8292-A20D401BD14F}"
EndProject
Global
	GlobalSection(SolutionConfigurationPlatforms) = preSolution
		Debug|Any CPU = Debug|Any CPU
		Release|Any CPU = Release|Any CPU
	EndGlobalSection
	GlobalSection(ProjectConfigurationPlatforms) = postSolution
		{1758915D-71C9-473A-8292-A20D401BD14F}.Debug|Any CPU.ActiveCfg = Debug|Any CPU
		{1758915D-71C9-473A-8292-A20D401BD14F}.Debug|Any CPU.Build.0 = Debug|Any CPU
		{1758915D-71C9-473A-8292-A20D401BD14F}.Release|Any CPU.ActiveCfg = Release|Any CPU
		{1758915D-71C9-473A-8292-A20D401BD14F}.Release|Any CPU.Build.0 = Release|Any CPU
	EndGlobalSection
	GlobalSection(SolutionProperties) = preSolution
		HideSolutionNode = FALSE
	EndGlobalSection
	GlobalSection(ExtensibilityGlobals) = postSolution
		SolutionGuid = {D16D1EDE-1139-4CF3-AF72-90FEC95B73D5}
	EndGlobalSection
EndGlobal
